{
  "lockfileVersion": 1,
  "configVersion": 1,
  "workspaces": {
    "": {
      "name": "markdown-wysiwyg",
      "dependencies": {
        "@speed-highlight/core": "^1.2.15",
        "markdown-tokens": "^0.1.3-gemini3flash-antigravity",
      },
    },
  },
  "packages": {
    "@speed-highlight/core": ["@speed-highlight/core@1.2.15", "", {}, "sha512-BMq1K3DsElxDWawkX6eLg9+CKJrTVGCBAWVuHXVUV2u0s2711qiChLSId6ikYPfxhdYocLNt3wWwSvDiTvFabw=="],

    "markdown-tokens": ["markdown-tokens@0.1.3-gemini3flash-antigravity", "", {}, "sha512-gtGkuami+Rznurks+huEAsDzkDj0GKyqusXeHpIUx8VxW4yyKMKD/BVPq/x05KBQVXVIdJzFD309aK2io16fXw=="],
  }
}
